// !$*UTF8*$!
{
	archiveVersion = 1;
	classes = {
	};
	objectVersion = 46;
	objects = {

/* Begin PBXBuildFile section */
		8EA034821C17CA8300A42EC8 /* AppDelegate.swift in Sources */ = {isa = PBXBuildFile; fileRef = 8EA034811C17CA8300A42EC8 /* AppDelegate.swift */; };
		8EA034841C17CA8300A42EC8 /* ViewController.swift in Sources */ = {isa = PBXBuildFile; fileRef = 8EA034831C17CA8300A42EC8 /* ViewController.swift */; };
		8EA034871C17CA8300A42EC8 /* Main.storyboard in Resources */ = {isa = PBXBuildFile; fileRef = 8EA034851C17CA8300A42EC8 /* Main.storyboard */; };
		8EA034891C17CA8300A42EC8 /* Assets.xcassets in Resources */ = {isa = PBXBuildFile; fileRef = 8EA034881C17CA8300A42EC8 /* Assets.xcassets */; };
		8EA0348C1C17CA8300A42EC8 /* LaunchScreen.storyboard in Resources */ = {isa = PBXBuildFile; fileRef = 8EA0348A1C17CA8300A42EC8 /* LaunchScreen.storyboard */; };
		8EA034941C17CB8E00A42EC8 /* Datos.swift in Sources */ = {isa = PBXBuildFile; fileRef = 8EA034931C17CB8E00A42EC8 /* Datos.swift */; };
/* End PBXBuildFile section */

/* Begin PBXFileReference section */
		8EA0347E1C17CA8300A42EC8 /* Hamburguesas.app */ = {isa = PBXFileReference; explicitFileType = wrapper.application; includeInIndex = 0; path = Hamburguesas.app; sourceTree = BUILT_PRODUCTS_DIR; };
		8EA034811C17CA8300A42EC8 /* AppDelegate.swift */ = {isa = PBXFileReference; lastKnownFileType = sourcecode.swift; path = AppDelegate.swift; sourceTree = "<group>"; };
		8EA034831C17CA8300A42EC8 /* ViewController.swift */ = {isa = PBXFileReference; lastKnownFileType = sourcecode.swift; path = ViewController.swift; sourceTree = "<group>"; };
		8EA034861C17CA8300A42EC8 /* Base */ = {isa = PBXFileReference; lastKnownFileType = file.storyboard; name = Base; path = Base.lproj/Main.storyboard; sourceTree = "<group>"; };
		8EA034881C17CA8300A42EC8 /* Assets.xcassets */ = {isa = PBXFileReference; lastKnownFileType = folder.assetcatalog; path = Assets.xcassets; sourceTree = "<group>"; };
		8EA0348B1C17CA8300A42EC8 /* Base */ = {isa = PBXFileReference; lastKnownFileType = file.storyboard; name = Base; path = Base.lproj/LaunchScreen.storyboard; sourceTree = "<group>"; };
		8EA0348D1C17CA8300A42EC8 /* Info.plist */ = {isa = PBXFileReference; lastKnownFileType = text.plist.xml; path = Info.plist; sourceTree = "<group>"; };
		8EA034931C17CB8E00A42EC8 /* Datos.swift */ = {isa = PBXFileReference; fileEncoding = 4; lastKnownFileType = sourcecode.swift; path = Datos.swift; sourceTree = "<group>"; };
/* End PBXFileReference section */

/* Begin PBXFrameworksBuildPhase section */
		8EA0347B1C17CA8300A42EC8 /* Frameworks */ = {
			isa = PBXFrameworksBuildPhase;
			buildActionMask = 2147483647;
			files = (
			);
			runOnlyForDeploymentPostprocessing = 0;
		};
/* End PBXFrameworksBuildPhase section */

/* Begin PBXGroup section */
		8EA034751C17CA8300A42EC8 = {
			isa = PBXGroup;
			children = (
				8EA034801C17CA8300A42EC8 /* Hamburguesas */,
				8EA0347F1C17CA8300A42EC8 /* Products */,
			);
			sourceTree = "<group>";
		};
		8EA0347F1C17CA8300A42EC8 /* Products */ = {
			isa = PBXGroup;
			children = (
				8EA0347E1C17CA8300A42EC8 /* Hamburguesas.app */,
			);
			name = Products;
			sourceTree = "<group>";
		};
		8EA034801C17CA8300A42EC8 /* Hamburguesas */ = {
			isa = PBXGroup;
			children = (
				8EA034811C17CA8300A42EC8 /* AppDelegate.swift */,
				8EA034831C17CA8300A42EC8 /* ViewController.swift */,
				8EA034851C17CA8300A42EC8 /* Main.storyboard */,
				8EA034881C17CA8300A42EC8 /* Assets.xcassets */,
				8EA0348A1C17CA8300A42EC8 /* LaunchScreen.storyboard */,
				8EA0348D1C17CA8300A42EC8 /* Info.plist */,
				8EA034931C17CB8E00A42EC8 /* Datos.swift */,
			);
			path = Hamburguesas;
			sourceTree = "<group>";
		};
/* End PBXGroup section */

/* Begin PBXNativeTarget section */
		8EA0347D1C17CA8300A42EC8 /* Hamburguesas */ = {
			isa = PBXNativeTarget;
			buildConfigurationList = 8EA034901C17CA8300A42EC8 /* Build configuration list for PBXNativeTarget "Hamburguesas" */;
			buildPhases = (
				8EA0347A1C17CA8300A42EC8 /* Sources */,
				8EA0347B1C17CA8300A42EC8 /* Frameworks */,
				8EA0347C1C17CA8300A42EC8 /* Resources */,
			);
			buildRules = (
			);
			dependencies = (
			);
			name = Hamburguesas;
			productName = Hamburguesas;
			productReference = 8EA0347E1C17CA8300A42EC8 /* Hamburguesas.app */;
			productType = "com.apple.product-type.application";
		};
/* End PBXNativeTarget section */

/* Begin PBXProject section */
		8EA034761C17CA8300A42EC8 /* Project object */ = {
			isa = PBXProject;
			attributes = {
				LastSwiftUpdateCheck = 0710;
				LastUpgradeCheck = 0710;
				ORGANIZATIONNAME = "Armando M";
				TargetAttributes = {
					8EA0347D1C17CA8300A42EC8 = {
						CreatedOnToolsVersion = 7.1.1;
						DevelopmentTeam = J96VLX2H9S;
					};
				};
			};
			buildConfigurationList = 8EA034791C17CA8300A42EC8 /* Build configuration list for PBXProject "Hamburguesas" */;
			compatibilityVersion = "Xcode 3.2";
			developmentRegion = English;
			hasScannedForEncodings = 0;
			knownRegions = (
				en,
				Base,
			);
			mainGroup = 8EA034751C17CA8300A42EC8;
			productRefGroup = 8EA0347F1C17CA8300A42EC8 /* Products */;
			projectDirPath = "";
			projectRoot = "";
			targets = (
				8EA0347D1C17CA8300A42EC8 /* Hamburguesas */,
			);
		};
/* End PBXProject section */

/* Begin PBXResourcesBuildPhase section */
		8EA0347C1C17CA8300A42EC8 /* Resources */ = {
			isa = PBXResourcesBuildPhase;
			buildActionMask = 2147483647;
			files = (
				8EA0348C1C17CA8300A42EC8 /* LaunchScreen.storyboard in Resources */,
				8EA034891C17CA8300A42EC8 /* Assets.xcassets in Resources */,
				8EA034871C17CA8300A42EC8 /* Main.storyboard in Resources */,
			);
			runOnlyForDeploymentPostprocessing = 0;
		};
/* End PBXResourcesBuildPhase section */

/* Begin PBXSourcesBuildPhase section */
		8EA0347A1C17CA8300A42EC8 /* Sources */ = {
			isa = PBXSourcesBuildPhase;
			buildActionMask = 2147483647;
			files = (
				8EA034841C17CA8300A42EC8 /* ViewController.swift in Sources */,
				8EA034821C17CA8300A42EC8 /* AppDelegate.swift in Sources */,
				8EA034941C17CB8E00A42EC8 /* Datos.swift in Sources */,
			);
			runOnlyForDeploymentPostprocessing = 0;
		};
/* End PBXSourcesBuildPhase section */

/* Begin PBXVariantGroup section */
		8EA034851C17CA8300A42EC8 /* Main.storyboard */ = {
			isa = PBXVariantGroup;
			children = (
				8EA034861C17CA8300A42EC8 /* Base */,
			);
			name = Main.storyboard;
			sourceTree = "<group>";
		};
		8EA0348A1C17CA8300A42EC8 /* LaunchScreen.storyboard */ = {
			isa = PBXVariantGroup;
			children = (
				8EA0348B1C17CA8300A42EC8 /* Base */,
			);
			name = LaunchScreen.storyboard;
			sourceTree = "<group>";
		};
/* End PBXVariantGroup section */

/* Begin XCBuildConfiguration section */
		8EA0348E1C17CA8300A42EC8 /* Debug */ = {
			isa = XCBuildConfiguration;
			buildSettings = {
				ALWAYS_SEARCH_USER_PATHS = NO;
				CLANG_CXX_LANGUAGE_STANDARD = "gnu++0x";
				CLANG_CXX_LIBRARY = "libc++";
				CLANG_ENABLE_MODULES = YES;
				CLANG_ENABLE_OBJC_ARC = YES;
				CLANG_WARN_BOOL_CONVERSION = YES;
				CLANG_WARN_CONSTANT_CONVERSION = YES;
				CLANG_WARN_DIRECT_OBJC_ISA_USAGE = YES_ERROR;
				CLANG_WARN_EMPTY_BODY = YES;
				CLANG_WARN_ENUM_CONVERSION = YES;
				CLANG_WARN_INT_CONVERSION = YES;
				CLANG_WARN_OBJC_ROOT_CLASS = YES_ERROR;
				CLANG_WARN_UNREACHABLE_CODE = YES;
				CLANG_WARN__DUPLICATE_METHOD_MATCH = YES;
				"CODE_SIGN_IDENTITY[sdk=iphoneos*]" = "iPhone Developer";
				COPY_PHASE_STRIP = NO;
				DEBUG_INFORMATION_FORMAT = dwarf;
				ENABLE_STRICT_OBJC_MSGSEND = YES;
				ENABLE_TESTABILITY = YES;
				GCC_C_LANGUAGE_STANDARD = gnu99;
				GCC_DYNAMIC_NO_PIC = NO;
				GCC_NO_COMMON_BLOCKS = YES;
				GCC_OPTIMIZATION_LEVEL = 0;
				GCC_PREPROCESSOR_DEFINITIONS = (
					"DEBUG=1",
					"$(inherited)",
				);
				GCC_WARN_64_TO_32_BIT_CONVERSION = YES;
				GCC_WARN_ABOUT_RETURN_TYPE = YES_ERROR;
				GCC_WARN_UNDECLARED_SELECTOR = YES;
				GCC_WARN_UNINITIALIZED_AUTOS = YES_AGGRESSIVE;
				GCC_WARN_UNUSED_FUNCTION = YES;
				GCC_WARN_UNUSED_VARIABLE = YES;
				IPHONEOS_DEPLOYMENT_TARGET = 9.1;
				MTL_ENABLE_DEBUG_INFO = YES;
				ONLY_ACTIVE_ARCH = YES;
				SDKROOT = iphoneos;
				SWIFT_OPTIMIZATION_LEVEL = "-Onone";
			};
			name = Debug;
		};
		8EA0348F1C17CA8300A42EC8 /* Release */ = {
			isa = XCBuildConfiguration;
			buildSettings = {
				ALWAYS_SEARCH_USER_PATHS = NO;
				CLANG_CXX_LANGUAGE_STANDARD = "gnu++0x";
				CLANG_CXX_LIBRARY = "libc++";
				CLANG_ENABLE_MODULES = YES;
				CLANG_ENABLE_OBJC_ARC = YES;
				CLANG_WARN_BOOL_CONVERSION = YES;
				CLANG_WARN_CONSTANT_CONVERSION = YES;
				CLANG_WARN_DIRECT_OBJC_ISA_USAGE = YES_ERROR;
				CLANG_WARN_EMPTY_BODY = YES;
				CLANG_WARN_ENUM_CONVERSION = YES;
				CLANG_WARN_INT_CONVERSION = YES;
				CLANG_WARN_OBJC_ROOT_CLASS = YES_ERROR;
				CLANG_WARN_UNREACHABLE_CODE = YES;
				CLANG_WARN__DUPLICATE_METHOD_MATCH = YES;
				"CODE_SIGN_IDENTITY[sdk=iphoneos*]" = "iPhone Developer";
				COPY_PHASE_STRIP = NO;
				DEBUG_INFORMATION_FORMAT = "dwarf-with-dsym";
				ENABLE_NS_ASSERTIONS = NO;
				ENABLE_STRICT_OBJC_MSGSEND = YES;
				GCC_C_LANGUAGE_STANDARD = gnu99;
				GCC_NO_COMMON_BLOCKS = YES;
				GCC_WARN_64_TO_32_BIT_CONVERSION = YES;
				GCC_WARN_ABOUT_RETURN_TYPE = YES_ERROR;
				GCC_WARN_UNDECLARED_SELECTOR = YES;
				GCC_WARN_UNINITIALIZED_AUTOS = YES_AGGRESSIVE;
				GCC_WARN_UNUSED_FUNCTION = YES;
				GCC_WARN_UNUSED_VARIABLE = YES;
				IPHONEOS_DEPLOYMENT_TARGET = 9.1;
				MTL_ENABLE_DEBUG_INFO = NO;
				SDKROOT = iphoneos;
				VALIDATE_PRODUCT = YES;
			};
			name = Release;
		};
		8EA034911C17CA8300A42EC8 /* Debug */ = {
			isa = XCBuildConfiguration;
			buildSettings = {
				ASSETCATALOG_COMPILER_APPICON_NAME = AppIcon;
				INFOPLIST_FILE = Hamburguesas/Info.plist;
				LD_RUNPATH_SEARCH_PATHS = "$(inherited) @executable_path/Frameworks";
				PRODUCT_BUNDLE_IDENTIFIER = com.mirandaarmando.Hamburguesas;
				PRODUCT_NAME = "$(TARGET_NAME)";
			};
			name = Debug;
		};
		8EA034921C17CA8300A42EC8 /* Release */ = {
			isa = XCBuildConfiguration;
			buildSettings = {
				ASSETCATALOG_COMPILER_APPICON_NAME = AppIcon;
				INFOPLIST_FILE = Hamburguesas/Info.plist;
				LD_RUNPATH_SEARCH_PATHS = "$(inherited) @executable_path/Frameworks";
				PRODUCT_BUNDLE_IDENTIFIER = com.mirandaarmando.Hamburguesas;
				PRODUCT_NAME = "$(TARGET_NAME)";
			};
			name = Release;
		};
/* End XCBuildConfiguration section */

/* Begin XCConfigurationList section */
		8EA034791C17CA8300A42EC8 /* Build configuration list for PBXProject "Hamburguesas" */ = {
			isa = XCConfigurationList;
			buildConfigurations = (
				8EA0348E1C17CA8300A42EC8 /* Debug */,
				8EA0348F1C17CA8300A42EC8 /* Release */,
			);
			defaultConfigurationIsVisible = 0;
			defaultConfigurationName = Release;
		};
		8EA034901C17CA8300A42EC8 /* Build configuration list for PBXNativeTarget "Hamburguesas" */ = {
			isa = XCConfigurationList;
			buildConfigurations = (
				8EA034911C17CA8300A42EC8 /* Debug */,
				8EA034921C17CA8300A42EC8 /* Release */,
			);
			defaultConfigurationIsVisible = 0;
		};
/* End XCConfigurationList section */
	};
	rootObject = 8EA034761C17CA8300A42EC8 /* Project object */;
}
